
Microsoft Visual Studio Solution File, Format Version 12.00
# Visual Studio Version 17
VisualStudioVersion = 17.3.32825.248
MinimumVisualStudioVersion = 10.0.40219.1
Project("{FAE04EC0-301F-11D3-BF4B-00C04F79EFBC}") = "Maiboroda_9_Var-3", "Maiboroda_9_Var-3\Maiboroda_9_Var-3.csproj", "{FCFD7EBF-4412-4306-8703-152B5FA64902}"
EndProject
Global
	GlobalSection(SolutionConfigurationPlatforms) = preSolution
		Debug|Any CPU = Debug|Any CPU
		Release|Any CPU = Release|Any CPU
	EndGlobalSection
	GlobalSection(ProjectConfigurationPlatforms) = postSolution
		{FCFD7EBF-4412-4306-8703-152B5FA64902}.Debug|Any CPU.ActiveCfg = Debug|Any CPU
		{FCFD7EBF-4412-4306-8703-152B5FA64902}.Debug|Any CPU.Build.0 = Debug|Any CPU
		{FCFD7EBF-4412-4306-8703-152B5FA64902}.Release|Any CPU.ActiveCfg = Release|Any CPU
		{FCFD7EBF-4412-4306-8703-152B5FA64902}.Release|Any CPU.Build.0 = Release|Any CPU
	EndGlobalSection
	GlobalSection(SolutionProperties) = preSolution
		HideSolutionNode = FALSE
	EndGlobalSection
	GlobalSection(ExtensibilityGlobals) = postSolution
		SolutionGuid = {282617DE-A0DD-4FE4-B62A-5C8FAACF7611}
	EndGlobalSection
EndGlobal
